
Microsoft Visual Studio Solution File, Format Version 12.00
# Visual Studio Version 17
VisualStudioVersion = 17.8.34525.116
MinimumVisualStudioVersion = 10.0.40219.1
Project("{FAE04EC0-301F-11D3-BF4B-00C04F79EFBC}") = "BundleStruct", "BundleStruct\BundleStruct.csproj", "{E784D88B-37B2-4E9E-AA3D-F7D08921683F}"
EndProject
Project("{FAE04EC0-301F-11D3-BF4B-00C04F79EFBC}") = "BundleStruct.UnitTests", "BundleStruct.UnitTests\BundleStruct.UnitTests.csproj", "{C7969534-F154-4E39-8844-27D5D2487D56}"
EndProject
Global
	GlobalSection(SolutionConfigurationPlatforms) = preSolution
		Debug|Any CPU = Debug|Any CPU
		Release|Any CPU = Release|Any CPU
	EndGlobalSection
	GlobalSection(ProjectConfigurationPlatforms) = postSolution
		{E784D88B-37B2-4E9E-AA3D-F7D08921683F}.Debug|Any CPU.ActiveCfg = Debug|Any CPU
		{E784D88B-37B2-4E9E-AA3D-F7D08921683F}.Debug|Any CPU.Build.0 = Debug|Any CPU
		{E784D88B-37B2-4E9E-AA3D-F7D08921683F}.Release|Any CPU.ActiveCfg = Release|Any CPU
		{E784D88B-37B2-4E9E-AA3D-F7D08921683F}.Release|Any CPU.Build.0 = Release|Any CPU
		{C7969534-F154-4E39-8844-27D5D2487D56}.Debug|Any CPU.ActiveCfg = Debug|Any CPU
		{C7969534-F154-4E39-8844-27D5D2487D56}.Debug|Any CPU.Build.0 = Debug|Any CPU
		{C7969534-F154-4E39-8844-27D5D2487D56}.Release|Any CPU.ActiveCfg = Release|Any CPU
		{C7969534-F154-4E39-8844-27D5D2487D56}.Release|Any CPU.Build.0 = Release|Any CPU
	EndGlobalSection
	GlobalSection(SolutionProperties) = preSolution
		HideSolutionNode = FALSE
	EndGlobalSection
	GlobalSection(ExtensibilityGlobals) = postSolution
		SolutionGuid = {464BA729-BBBA-4C53-BE2A-8729288797DD}
	EndGlobalSection
EndGlobal
